
Microsoft Visual Studio Solution File, Format Version 11.00
# Visual Studio 2010
Project("{FAE04EC0-301F-11D3-BF4B-00C04F79EFBC}") = "HP67", "HP67\HP67.csproj", "{BBC69744-109D-439E-94ED-CE3EC892241C}"
	ProjectSection(ProjectDependencies) = postProject
		{76E1A007-1E22-40BC-826D-834FE3673BD8} = {76E1A007-1E22-40BC-826D-834FE3673BD8}
		{71A0054A-FD2B-4DDB-91FB-1470909F91E4} = {71A0054A-FD2B-4DDB-91FB-1470909F91E4}
	EndProjectSection
EndProject
Project("{FAE04EC0-301F-11D3-BF4B-00C04F79EFBC}") = "HP97", "HP97\HP97.csproj", "{F5FA9E27-20AF-43D7-B8A7-E48ED95117A7}"
EndProject
Project("{FAE04EC0-301F-11D3-BF4B-00C04F79EFBC}") = "Control Library", "Control Library\Control Library.csproj", "{71A0054A-FD2B-4DDB-91FB-1470909F91E4}"
EndProject
Project("{FAE04EC0-301F-11D3-BF4B-00C04F79EFBC}") = "Documentation", "Documentation\Documentation.csproj", "{6CAD584F-29B7-4AFA-AB11-BDD30937BC50}"
EndProject
Project("{FAE04EC0-301F-11D3-BF4B-00C04F79EFBC}") = "Parser", "Parser\Parser.csproj", "{D97548CE-C80A-4DAE-BA32-1E3FA7273153}"
EndProject
Project("{FAE04EC0-301F-11D3-BF4B-00C04F79EFBC}") = "Persistence", "Persistence\Persistence.csproj", "{D40AF3D7-0F5F-4CBF-ACD2-815EAA164C52}"
EndProject
Project("{FAE04EC0-301F-11D3-BF4B-00C04F79EFBC}") = "Persistent Class Library", "Persistent Class Library\Persistent Class Library.csproj", "{76E1A007-1E22-40BC-826D-834FE3673BD8}"
EndProject
Project("{FAE04EC0-301F-11D3-BF4B-00C04F79EFBC}") = "Testing", "Testing\Testing.csproj", "{8BA89B45-8FB5-4281-A816-4C765105883A}"
EndProject
Project("{FAE04EC0-301F-11D3-BF4B-00C04F79EFBC}") = "Transient Class Library", "Transient Class Library\Transient Class Library.csproj", "{0A3EBBDA-A3B6-4BE9-8860-2AF02093369B}"
EndProject
Project("{FAE04EC0-301F-11D3-BF4B-00C04F79EFBC}") = "Execution", "Execution\Execution.csproj", "{E83C0FF4-B7EC-4D09-B738-B764A8E3E8AE}"
EndProject
Project("{FAE04EC0-301F-11D3-BF4B-00C04F79EFBC}") = "HP35", "HP35\HP35.csproj", "{487BEF8E-E641-463B-9AF5-411E2248D9AA}"
EndProject
Project("{2150E333-8FDC-42A3-9474-1A3956D46DE8}") = "Solution Items", "Solution Items", "{AACAA546-014A-4AB5-A5E3-58F4C85BC395}"
	ProjectSection(SolutionItems) = preProject
		HP.vsmdi = HP.vsmdi
		Local.testsettings = Local.testsettings
		TraceAndTestImpact.testsettings = TraceAndTestImpact.testsettings
	EndProjectSection
EndProject
Project("{FAE04EC0-301F-11D3-BF4B-00C04F79EFBC}") = "User Interface Testing", "User Interface Testing\User Interface Testing.csproj", "{911874CA-33C1-41AE-B0D1-00B463904492}"
EndProject
Project("{54435603-DBB4-11D2-8724-00A0C9A8B90C}") = "Setup", "Setup\Setup.vdproj", "{75020799-F3B9-4C90-8FBA-0EAF9730C19B}"
EndProject
Global
	GlobalSection(TeamFoundationVersionControl) = preSolution
		SccNumberOfProjects = 14
		SccEnterpriseProvider = {4CA58AB2-18FA-4F8D-95D4-32DDF27D184C}
		SccTeamFoundationServer = http://veneziano:8080/tfs/defaultcollection
		SccLocalPath0 = .
		SccProjectUniqueName1 = HP67\\HP67.csproj
		SccLocalPath1 = .
		SccProjectFilePathRelativizedFromConnection1 = HP67\\
		SccProjectUniqueName2 = HP97\\HP97.csproj
		SccLocalPath2 = .
		SccProjectFilePathRelativizedFromConnection2 = HP97\\
		SccProjectUniqueName3 = Control\u0020Library\\Control\u0020Library.csproj
		SccProjectName3 = Control\u0020Library
		SccLocalPath3 = Control\u0020Library
		SccProjectUniqueName4 = Documentation\\Documentation.csproj
		SccProjectName4 = Documentation
		SccLocalPath4 = Documentation
		SccProjectUniqueName5 = Parser\\Parser.csproj
		SccProjectName5 = Parser
		SccLocalPath5 = Parser
		SccProjectUniqueName6 = Persistence\\Persistence.csproj
		SccProjectName6 = Persistence
		SccLocalPath6 = Persistence
		SccProjectUniqueName7 = Persistent\u0020Class\u0020Library\\Persistent\u0020Class\u0020Library.csproj
		SccProjectName7 = Persistent\u0020Class\u0020Library
		SccLocalPath7 = Persistent\u0020Class\u0020Library
		SccProjectUniqueName8 = Testing\\Testing.csproj
		SccProjectName8 = Testing
		SccLocalPath8 = Testing
		SccProjectUniqueName9 = Transient\u0020Class\u0020Library\\Transient\u0020Class\u0020Library.csproj
		SccProjectName9 = Transient\u0020Class\u0020Library
		SccLocalPath9 = Transient\u0020Class\u0020Library
		SccProjectUniqueName10 = Execution\\Execution.csproj
		SccLocalPath10 = .
		SccProjectFilePathRelativizedFromConnection10 = Execution\\
		SccProjectUniqueName11 = HP35\\HP35.csproj
		SccLocalPath11 = .
		SccProjectFilePathRelativizedFromConnection11 = HP35\\
		SccProjectUniqueName12 = User\u0020Interface\u0020Testing\\User\u0020Interface\u0020Testing.csproj
		SccProjectName12 = User\u0020Interface\u0020Testing
		SccLocalPath12 = User\u0020Interface\u0020Testing
		SccProjectUniqueName13 = Setup\\Setup.vdproj
		SccProjectName13 = Setup
		SccLocalPath13 = Setup
	EndGlobalSection
	GlobalSection(TestCaseManagementSettings) = postSolution
		CategoryFile = HP.vsmdi
	EndGlobalSection
	GlobalSection(SolutionConfigurationPlatforms) = preSolution
		Debug|Any CPU = Debug|Any CPU
		Design|Any CPU = Design|Any CPU
		Release|Any CPU = Release|Any CPU
	EndGlobalSection
	GlobalSection(ProjectConfigurationPlatforms) = postSolution
		{BBC69744-109D-439E-94ED-CE3EC892241C}.Debug|Any CPU.ActiveCfg = Debug|Any CPU
		{BBC69744-109D-439E-94ED-CE3EC892241C}.Debug|Any CPU.Build.0 = Debug|Any CPU
		{BBC69744-109D-439E-94ED-CE3EC892241C}.Design|Any CPU.ActiveCfg = Design|Any CPU
		{BBC69744-109D-439E-94ED-CE3EC892241C}.Design|Any CPU.Build.0 = Design|Any CPU
		{BBC69744-109D-439E-94ED-CE3EC892241C}.Release|Any CPU.ActiveCfg = Release|Any CPU
		{BBC69744-109D-439E-94ED-CE3EC892241C}.Release|Any CPU.Build.0 = Release|Any CPU
		{F5FA9E27-20AF-43D7-B8A7-E48ED95117A7}.Debug|Any CPU.ActiveCfg = Debug|Any CPU
		{F5FA9E27-20AF-43D7-B8A7-E48ED95117A7}.Debug|Any CPU.Build.0 = Debug|Any CPU
		{F5FA9E27-20AF-43D7-B8A7-E48ED95117A7}.Design|Any CPU.ActiveCfg = Design|Any CPU
		{F5FA9E27-20AF-43D7-B8A7-E48ED95117A7}.Design|Any CPU.Build.0 = Design|Any CPU
		{F5FA9E27-20AF-43D7-B8A7-E48ED95117A7}.Release|Any CPU.ActiveCfg = Release|Any CPU
		{F5FA9E27-20AF-43D7-B8A7-E48ED95117A7}.Release|Any CPU.Build.0 = Release|Any CPU
		{71A0054A-FD2B-4DDB-91FB-1470909F91E4}.Debug|Any CPU.ActiveCfg = Debug|Any CPU
		{71A0054A-FD2B-4DDB-91FB-1470909F91E4}.Debug|Any CPU.Build.0 = Debug|Any CPU
		{71A0054A-FD2B-4DDB-91FB-1470909F91E4}.Design|Any CPU.ActiveCfg = Design|Any CPU
		{71A0054A-FD2B-4DDB-91FB-1470909F91E4}.Design|Any CPU.Build.0 = Design|Any CPU
		{71A0054A-FD2B-4DDB-91FB-1470909F91E4}.Release|Any CPU.ActiveCfg = Release|Any CPU
		{71A0054A-FD2B-4DDB-91FB-1470909F91E4}.Release|Any CPU.Build.0 = Release|Any CPU
		{6CAD584F-29B7-4AFA-AB11-BDD30937BC50}.Debug|Any CPU.ActiveCfg = Debug|Any CPU
		{6CAD584F-29B7-4AFA-AB11-BDD30937BC50}.Design|Any CPU.ActiveCfg = Design|Any CPU
		{6CAD584F-29B7-4AFA-AB11-BDD30937BC50}.Release|Any CPU.ActiveCfg = Release|Any CPU
		{D97548CE-C80A-4DAE-BA32-1E3FA7273153}.Debug|Any CPU.ActiveCfg = Debug|Any CPU
		{D97548CE-C80A-4DAE-BA32-1E3FA7273153}.Debug|Any CPU.Build.0 = Debug|Any CPU
		{D97548CE-C80A-4DAE-BA32-1E3FA7273153}.Design|Any CPU.ActiveCfg = Design|Any CPU
		{D97548CE-C80A-4DAE-BA32-1E3FA7273153}.Design|Any CPU.Build.0 = Design|Any CPU
		{D97548CE-C80A-4DAE-BA32-1E3FA7273153}.Release|Any CPU.ActiveCfg = Release|Any CPU
		{D97548CE-C80A-4DAE-BA32-1E3FA7273153}.Release|Any CPU.Build.0 = Release|Any CPU
		{D40AF3D7-0F5F-4CBF-ACD2-815EAA164C52}.Debug|Any CPU.ActiveCfg = Debug|Any CPU
		{D40AF3D7-0F5F-4CBF-ACD2-815EAA164C52}.Debug|Any CPU.Build.0 = Debug|Any CPU
		{D40AF3D7-0F5F-4CBF-ACD2-815EAA164C52}.Design|Any CPU.ActiveCfg = Design|Any CPU
		{D40AF3D7-0F5F-4CBF-ACD2-815EAA164C52}.Design|Any CPU.Build.0 = Design|Any CPU
		{D40AF3D7-0F5F-4CBF-ACD2-815EAA164C52}.Release|Any CPU.ActiveCfg = Release|Any CPU
		{D40AF3D7-0F5F-4CBF-ACD2-815EAA164C52}.Release|Any CPU.Build.0 = Release|Any CPU
		{76E1A007-1E22-40BC-826D-834FE3673BD8}.Debug|Any CPU.ActiveCfg = Debug|Any CPU
		{76E1A007-1E22-40BC-826D-834FE3673BD8}.Debug|Any CPU.Build.0 = Debug|Any CPU
		{76E1A007-1E22-40BC-826D-834FE3673BD8}.Design|Any CPU.ActiveCfg = Design|Any CPU
		{76E1A007-1E22-40BC-826D-834FE3673BD8}.Design|Any CPU.Build.0 = Design|Any CPU
		{76E1A007-1E22-40BC-826D-834FE3673BD8}.Release|Any CPU.ActiveCfg = Release|Any CPU
		{76E1A007-1E22-40BC-826D-834FE3673BD8}.Release|Any CPU.Build.0 = Release|Any CPU
		{8BA89B45-8FB5-4281-A816-4C765105883A}.Debug|Any CPU.ActiveCfg = Debug|Any CPU
		{8BA89B45-8FB5-4281-A816-4C765105883A}.Debug|Any CPU.Build.0 = Debug|Any CPU
		{8BA89B45-8FB5-4281-A816-4C765105883A}.Design|Any CPU.ActiveCfg = Design|Any CPU
		{8BA89B45-8FB5-4281-A816-4C765105883A}.Release|Any CPU.ActiveCfg = Release|Any CPU
		{8BA89B45-8FB5-4281-A816-4C765105883A}.Release|Any CPU.Build.0 = Release|Any CPU
		{0A3EBBDA-A3B6-4BE9-8860-2AF02093369B}.Debug|Any CPU.ActiveCfg = Debug|Any CPU
		{0A3EBBDA-A3B6-4BE9-8860-2AF02093369B}.Debug|Any CPU.Build.0 = Debug|Any CPU
		{0A3EBBDA-A3B6-4BE9-8860-2AF02093369B}.Design|Any CPU.ActiveCfg = Design|Any CPU
		{0A3EBBDA-A3B6-4BE9-8860-2AF02093369B}.Design|Any CPU.Build.0 = Design|Any CPU
		{0A3EBBDA-A3B6-4BE9-8860-2AF02093369B}.Release|Any CPU.ActiveCfg = Release|Any CPU
		{0A3EBBDA-A3B6-4BE9-8860-2AF02093369B}.Release|Any CPU.Build.0 = Release|Any CPU
		{E83C0FF4-B7EC-4D09-B738-B764A8E3E8AE}.Debug|Any CPU.ActiveCfg = Debug|Any CPU
		{E83C0FF4-B7EC-4D09-B738-B764A8E3E8AE}.Debug|Any CPU.Build.0 = Debug|Any CPU
		{E83C0FF4-B7EC-4D09-B738-B764A8E3E8AE}.Design|Any CPU.ActiveCfg = Design|Any CPU
		{E83C0FF4-B7EC-4D09-B738-B764A8E3E8AE}.Design|Any CPU.Build.0 = Design|Any CPU
		{E83C0FF4-B7EC-4D09-B738-B764A8E3E8AE}.Release|Any CPU.ActiveCfg = Release|Any CPU
		{E83C0FF4-B7EC-4D09-B738-B764A8E3E8AE}.Release|Any CPU.Build.0 = Release|Any CPU
		{487BEF8E-E641-463B-9AF5-411E2248D9AA}.Debug|Any CPU.ActiveCfg = Debug|Any CPU
		{487BEF8E-E641-463B-9AF5-411E2248D9AA}.Debug|Any CPU.Build.0 = Debug|Any CPU
		{487BEF8E-E641-463B-9AF5-411E2248D9AA}.Design|Any CPU.ActiveCfg = Design|Any CPU
		{487BEF8E-E641-463B-9AF5-411E2248D9AA}.Design|Any CPU.Build.0 = Design|Any CPU
		{487BEF8E-E641-463B-9AF5-411E2248D9AA}.Release|Any CPU.ActiveCfg = Release|Any CPU
		{487BEF8E-E641-463B-9AF5-411E2248D9AA}.Release|Any CPU.Build.0 = Release|Any CPU
		{911874CA-33C1-41AE-B0D1-00B463904492}.Debug|Any CPU.ActiveCfg = Debug|Any CPU
		{911874CA-33C1-41AE-B0D1-00B463904492}.Debug|Any CPU.Build.0 = Debug|Any CPU
		{911874CA-33C1-41AE-B0D1-00B463904492}.Design|Any CPU.ActiveCfg = Debug|Any CPU
		{911874CA-33C1-41AE-B0D1-00B463904492}.Design|Any CPU.Build.0 = Debug|Any CPU
		{911874CA-33C1-41AE-B0D1-00B463904492}.Release|Any CPU.ActiveCfg = Release|Any CPU
		{911874CA-33C1-41AE-B0D1-00B463904492}.Release|Any CPU.Build.0 = Release|Any CPU
		{75020799-F3B9-4C90-8FBA-0EAF9730C19B}.Debug|Any CPU.ActiveCfg = Debug
		{75020799-F3B9-4C90-8FBA-0EAF9730C19B}.Debug|Any CPU.Build.0 = Debug
		{75020799-F3B9-4C90-8FBA-0EAF9730C19B}.Design|Any CPU.ActiveCfg = Design
		{75020799-F3B9-4C90-8FBA-0EAF9730C19B}.Design|Any CPU.Build.0 = Design
		{75020799-F3B9-4C90-8FBA-0EAF9730C19B}.Release|Any CPU.ActiveCfg = Release
		{75020799-F3B9-4C90-8FBA-0EAF9730C19B}.Release|Any CPU.Build.0 = Release
	EndGlobalSection
	GlobalSection(SolutionProperties) = preSolution
		HideSolutionNode = FALSE
	EndGlobalSection
EndGlobal
