Microsoft Visual Studio Solution File, Format Version 9.00
# Visual Studio 2005
Project("{FAE04EC0-301F-11D3-BF4B-00C04F79EFBC}") = "HP67", "HP67\HP67.csproj", "{BBC69744-109D-439E-94ED-CE3EC892241C}"
	ProjectSection(ProjectDependencies) = postProject
		{76E1A007-1E22-40BC-826D-834FE3673BD8} = {76E1A007-1E22-40BC-826D-834FE3673BD8}
		{71A0054A-FD2B-4DDB-91FB-1470909F91E4} = {71A0054A-FD2B-4DDB-91FB-1470909F91E4}
	EndProjectSection
EndProject
Project("{FAE04EC0-301F-11D3-BF4B-00C04F79EFBC}") = "HP97", "HP97\HP97.csproj", "{F5FA9E27-20AF-43D7-B8A7-E48ED95117A7}"
EndProject
Project("{FAE04EC0-301F-11D3-BF4B-00C04F79EFBC}") = "Control Library", "Control Library\Control Library.csproj", "{71A0054A-FD2B-4DDB-91FB-1470909F91E4}"
EndProject
Project("{FAE04EC0-301F-11D3-BF4B-00C04F79EFBC}") = "Documentation", "Documentation\Documentation.csproj", "{6CAD584F-29B7-4AFA-AB11-BDD30937BC50}"
EndProject
Project("{FAE04EC0-301F-11D3-BF4B-00C04F79EFBC}") = "Parser", "Parser\Parser.csproj", "{D97548CE-C80A-4DAE-BA32-1E3FA7273153}"
EndProject
Project("{FAE04EC0-301F-11D3-BF4B-00C04F79EFBC}") = "Persistence", "Persistence\Persistence.csproj", "{D40AF3D7-0F5F-4CBF-ACD2-815EAA164C52}"
EndProject
Project("{FAE04EC0-301F-11D3-BF4B-00C04F79EFBC}") = "Persistent Class Library", "Persistent Class Library\Persistent Class Library.csproj", "{76E1A007-1E22-40BC-826D-834FE3673BD8}"
EndProject
Project("{FAE04EC0-301F-11D3-BF4B-00C04F79EFBC}") = "Testing", "Testing\Testing.csproj", "{8BA89B45-8FB5-4281-A816-4C765105883A}"
EndProject
Project("{FAE04EC0-301F-11D3-BF4B-00C04F79EFBC}") = "Transient Class Library", "Transient Class Library\Transient Class Library.csproj", "{0A3EBBDA-A3B6-4BE9-8860-2AF02093369B}"
EndProject
Project("{54435603-DBB4-11D2-8724-00A0C9A8B90C}") = "Setup", "Setup\Setup.vdproj", "{4E3D8364-638A-4B6F-B556-40EA50003482}"
EndProject
Project("{FAE04EC0-301F-11D3-BF4B-00C04F79EFBC}") = "Execution", "Execution\Execution.csproj", "{E83C0FF4-B7EC-4D09-B738-B764A8E3E8AE}"
EndProject
Project("{FAE04EC0-301F-11D3-BF4B-00C04F79EFBC}") = "HP35", "HP35\HP35.csproj", "{487BEF8E-E641-463B-9AF5-411E2248D9AA}"
EndProject
Global
	GlobalSection(SourceCodeControl) = preSolution
		SccNumberOfProjects = 12
		SccLocalPath0 = .
		CanCheckoutShared = false
		SccProjectUniqueName1 = HP67\\HP67.csproj
		SccLocalPath1 = .
		CanCheckoutShared = false
		SccProjectFilePathRelativizedFromConnection1 = HP67\\
		SccProjectUniqueName2 = HP97\\HP97.csproj
		SccLocalPath2 = .
		CanCheckoutShared = false
		SccProjectFilePathRelativizedFromConnection2 = HP97\\
		SccProjectUniqueName3 = Control\u0020Library\\Control\u0020Library.csproj
		SccProjectName3 = \u0022$/HP/Control\u0020Library\u0022,\u0020ENAAAAAA
		SccLocalPath3 = Control\u0020Library
		CanCheckoutShared = false
		SccProjectUniqueName4 = Documentation\\Documentation.csproj
		SccProjectName4 = \u0022$/HP/Documentation\u0022,\u0020GQAAAAAA
		SccLocalPath4 = Documentation
		CanCheckoutShared = false
		SccProjectUniqueName5 = Parser\\Parser.csproj
		SccProjectName5 = \u0022$/HP/Parser\u0022,\u0020RQAAAAAA
		SccLocalPath5 = Parser
		CanCheckoutShared = false
		SccProjectUniqueName6 = Persistence\\Persistence.csproj
		SccProjectName6 = \u0022$/HP/Persistence\u0022,\u0020ERAAAAAA
		SccLocalPath6 = Persistence
		CanCheckoutShared = false
		SccProjectUniqueName7 = Persistent\u0020Class\u0020Library\\Persistent\u0020Class\u0020Library.csproj
		SccProjectName7 = \u0022$/HP/Persistent\u0020Class\u0020Library\u0022,\u0020MRAAAAAA
		SccLocalPath7 = Persistent\u0020Class\u0020Library
		CanCheckoutShared = false
		SccProjectUniqueName8 = Testing\\Testing.csproj
		SccProjectName8 = \u0022$/HP/Testing\u0022,\u0020PNAAAAAA
		SccLocalPath8 = Testing
		CanCheckoutShared = false
		SccProjectUniqueName9 = Transient\u0020Class\u0020Library\\Transient\u0020Class\u0020Library.csproj
		SccProjectName9 = \u0022$/HP/Transient\u0020Class\u0020Library\u0022,\u0020VRAAAAAA
		SccLocalPath9 = Transient\u0020Class\u0020Library
		CanCheckoutShared = false
		SccProjectUniqueName10 = Setup\\Setup.vdproj
		SccProjectName10 = \u0022$/HP/Setup\u0022,\u0020KNAAAAAA
		SccLocalPath10 = Setup
		CanCheckoutShared = false
		SccProjectUniqueName11 = Execution\\Execution.csproj
		SccLocalPath11 = .
		CanCheckoutShared = false
		SccProjectFilePathRelativizedFromConnection11 = Execution\\
	EndGlobalSection
	GlobalSection(SolutionConfigurationPlatforms) = preSolution
		Debug|Any CPU = Debug|Any CPU
		Design|Any CPU = Design|Any CPU
		Release|Any CPU = Release|Any CPU
	EndGlobalSection
	GlobalSection(ProjectConfigurationPlatforms) = postSolution
		{BBC69744-109D-439E-94ED-CE3EC892241C}.Debug|Any CPU.ActiveCfg = Debug|Any CPU
		{BBC69744-109D-439E-94ED-CE3EC892241C}.Debug|Any CPU.Build.0 = Debug|Any CPU
		{BBC69744-109D-439E-94ED-CE3EC892241C}.Design|Any CPU.ActiveCfg = Design|Any CPU
		{BBC69744-109D-439E-94ED-CE3EC892241C}.Design|Any CPU.Build.0 = Design|Any CPU
		{BBC69744-109D-439E-94ED-CE3EC892241C}.Release|Any CPU.ActiveCfg = Release|Any CPU
		{BBC69744-109D-439E-94ED-CE3EC892241C}.Release|Any CPU.Build.0 = Release|Any CPU
		{F5FA9E27-20AF-43D7-B8A7-E48ED95117A7}.Debug|Any CPU.ActiveCfg = Debug|Any CPU
		{F5FA9E27-20AF-43D7-B8A7-E48ED95117A7}.Debug|Any CPU.Build.0 = Debug|Any CPU
		{F5FA9E27-20AF-43D7-B8A7-E48ED95117A7}.Design|Any CPU.ActiveCfg = Design|Any CPU
		{F5FA9E27-20AF-43D7-B8A7-E48ED95117A7}.Design|Any CPU.Build.0 = Design|Any CPU
		{F5FA9E27-20AF-43D7-B8A7-E48ED95117A7}.Release|Any CPU.ActiveCfg = Release|Any CPU
		{F5FA9E27-20AF-43D7-B8A7-E48ED95117A7}.Release|Any CPU.Build.0 = Release|Any CPU
		{71A0054A-FD2B-4DDB-91FB-1470909F91E4}.Debug|Any CPU.ActiveCfg = Debug|Any CPU
		{71A0054A-FD2B-4DDB-91FB-1470909F91E4}.Debug|Any CPU.Build.0 = Debug|Any CPU
		{71A0054A-FD2B-4DDB-91FB-1470909F91E4}.Design|Any CPU.ActiveCfg = Design|Any CPU
		{71A0054A-FD2B-4DDB-91FB-1470909F91E4}.Design|Any CPU.Build.0 = Design|Any CPU
		{71A0054A-FD2B-4DDB-91FB-1470909F91E4}.Release|Any CPU.ActiveCfg = Release|Any CPU
		{71A0054A-FD2B-4DDB-91FB-1470909F91E4}.Release|Any CPU.Build.0 = Release|Any CPU
		{6CAD584F-29B7-4AFA-AB11-BDD30937BC50}.Debug|Any CPU.ActiveCfg = Debug|Any CPU
		{6CAD584F-29B7-4AFA-AB11-BDD30937BC50}.Design|Any CPU.ActiveCfg = Design|Any CPU
		{6CAD584F-29B7-4AFA-AB11-BDD30937BC50}.Release|Any CPU.ActiveCfg = Release|Any CPU
		{D97548CE-C80A-4DAE-BA32-1E3FA7273153}.Debug|Any CPU.ActiveCfg = Debug|Any CPU
		{D97548CE-C80A-4DAE-BA32-1E3FA7273153}.Debug|Any CPU.Build.0 = Debug|Any CPU
		{D97548CE-C80A-4DAE-BA32-1E3FA7273153}.Design|Any CPU.ActiveCfg = Design|Any CPU
		{D97548CE-C80A-4DAE-BA32-1E3FA7273153}.Design|Any CPU.Build.0 = Design|Any CPU
		{D97548CE-C80A-4DAE-BA32-1E3FA7273153}.Release|Any CPU.ActiveCfg = Release|Any CPU
		{D97548CE-C80A-4DAE-BA32-1E3FA7273153}.Release|Any CPU.Build.0 = Release|Any CPU
		{D40AF3D7-0F5F-4CBF-ACD2-815EAA164C52}.Debug|Any CPU.ActiveCfg = Debug|Any CPU
		{D40AF3D7-0F5F-4CBF-ACD2-815EAA164C52}.Debug|Any CPU.Build.0 = Debug|Any CPU
		{D40AF3D7-0F5F-4CBF-ACD2-815EAA164C52}.Design|Any CPU.ActiveCfg = Design|Any CPU
		{D40AF3D7-0F5F-4CBF-ACD2-815EAA164C52}.Design|Any CPU.Build.0 = Design|Any CPU
		{D40AF3D7-0F5F-4CBF-ACD2-815EAA164C52}.Release|Any CPU.ActiveCfg = Release|Any CPU
		{D40AF3D7-0F5F-4CBF-ACD2-815EAA164C52}.Release|Any CPU.Build.0 = Release|Any CPU
		{76E1A007-1E22-40BC-826D-834FE3673BD8}.Debug|Any CPU.ActiveCfg = Debug|Any CPU
		{76E1A007-1E22-40BC-826D-834FE3673BD8}.Debug|Any CPU.Build.0 = Debug|Any CPU
		{76E1A007-1E22-40BC-826D-834FE3673BD8}.Design|Any CPU.ActiveCfg = Design|Any CPU
		{76E1A007-1E22-40BC-826D-834FE3673BD8}.Design|Any CPU.Build.0 = Design|Any CPU
		{76E1A007-1E22-40BC-826D-834FE3673BD8}.Release|Any CPU.ActiveCfg = Release|Any CPU
		{76E1A007-1E22-40BC-826D-834FE3673BD8}.Release|Any CPU.Build.0 = Release|Any CPU
		{8BA89B45-8FB5-4281-A816-4C765105883A}.Debug|Any CPU.ActiveCfg = Debug|Any CPU
		{8BA89B45-8FB5-4281-A816-4C765105883A}.Debug|Any CPU.Build.0 = Debug|Any CPU
		{8BA89B45-8FB5-4281-A816-4C765105883A}.Design|Any CPU.ActiveCfg = Design|Any CPU
		{8BA89B45-8FB5-4281-A816-4C765105883A}.Release|Any CPU.ActiveCfg = Release|Any CPU
		{8BA89B45-8FB5-4281-A816-4C765105883A}.Release|Any CPU.Build.0 = Release|Any CPU
		{0A3EBBDA-A3B6-4BE9-8860-2AF02093369B}.Debug|Any CPU.ActiveCfg = Debug|Any CPU
		{0A3EBBDA-A3B6-4BE9-8860-2AF02093369B}.Debug|Any CPU.Build.0 = Debug|Any CPU
		{0A3EBBDA-A3B6-4BE9-8860-2AF02093369B}.Design|Any CPU.ActiveCfg = Design|Any CPU
		{0A3EBBDA-A3B6-4BE9-8860-2AF02093369B}.Design|Any CPU.Build.0 = Design|Any CPU
		{0A3EBBDA-A3B6-4BE9-8860-2AF02093369B}.Release|Any CPU.ActiveCfg = Release|Any CPU
		{0A3EBBDA-A3B6-4BE9-8860-2AF02093369B}.Release|Any CPU.Build.0 = Release|Any CPU
		{4E3D8364-638A-4B6F-B556-40EA50003482}.Debug|Any CPU.ActiveCfg = Debug
		{4E3D8364-638A-4B6F-B556-40EA50003482}.Design|Any CPU.ActiveCfg = Design
		{4E3D8364-638A-4B6F-B556-40EA50003482}.Release|Any CPU.ActiveCfg = Release
		{4E3D8364-638A-4B6F-B556-40EA50003482}.Release|Any CPU.Build.0 = Release
		{E83C0FF4-B7EC-4D09-B738-B764A8E3E8AE}.Debug|Any CPU.ActiveCfg = Debug|Any CPU
		{E83C0FF4-B7EC-4D09-B738-B764A8E3E8AE}.Debug|Any CPU.Build.0 = Debug|Any CPU
		{E83C0FF4-B7EC-4D09-B738-B764A8E3E8AE}.Design|Any CPU.ActiveCfg = Design|Any CPU
		{E83C0FF4-B7EC-4D09-B738-B764A8E3E8AE}.Design|Any CPU.Build.0 = Design|Any CPU
		{E83C0FF4-B7EC-4D09-B738-B764A8E3E8AE}.Release|Any CPU.ActiveCfg = Release|Any CPU
		{E83C0FF4-B7EC-4D09-B738-B764A8E3E8AE}.Release|Any CPU.Build.0 = Release|Any CPU
		{487BEF8E-E641-463B-9AF5-411E2248D9AA}.Debug|Any CPU.ActiveCfg = Debug|Any CPU
		{487BEF8E-E641-463B-9AF5-411E2248D9AA}.Debug|Any CPU.Build.0 = Debug|Any CPU
		{487BEF8E-E641-463B-9AF5-411E2248D9AA}.Design|Any CPU.ActiveCfg = Debug|Any CPU
		{487BEF8E-E641-463B-9AF5-411E2248D9AA}.Design|Any CPU.Build.0 = Debug|Any CPU
		{487BEF8E-E641-463B-9AF5-411E2248D9AA}.Release|Any CPU.ActiveCfg = Release|Any CPU
		{487BEF8E-E641-463B-9AF5-411E2248D9AA}.Release|Any CPU.Build.0 = Release|Any CPU
	EndGlobalSection
	GlobalSection(SolutionProperties) = preSolution
		HideSolutionNode = FALSE
	EndGlobalSection
EndGlobal
