Microsoft Visual Studio Solution File, Format Version 8.00
Project("{FAE04EC0-301F-11D3-BF4B-00C04F79EFBC}") = "HP67", "HP67\HP67.csproj", "{BBC69744-109D-439E-94ED-CE3EC892241C}"
	ProjectSection(ProjectDependencies) = postProject
		{76E1A007-1E22-40BC-826D-834FE3673BD8} = {76E1A007-1E22-40BC-826D-834FE3673BD8}
		{71A0054A-FD2B-4DDB-91FB-1470909F91E4} = {71A0054A-FD2B-4DDB-91FB-1470909F91E4}
	EndProjectSection
EndProject
Project("{FAE04EC0-301F-11D3-BF4B-00C04F79EFBC}") = "HP67 Class Library", "HP67 Class Library\HP67 Class Library.csproj", "{76E1A007-1E22-40BC-826D-834FE3673BD8}"
	ProjectSection(ProjectDependencies) = postProject
	EndProjectSection
EndProject
Project("{FAE04EC0-301F-11D3-BF4B-00C04F79EFBC}") = "HP67 Control Library", "HP67 Control Library\HP67 Control Library.csproj", "{71A0054A-FD2B-4DDB-91FB-1470909F91E4}"
	ProjectSection(ProjectDependencies) = postProject
	EndProjectSection
EndProject
Project("{54435603-DBB4-11D2-8724-00A0C9A8B90C}") = "HP67 Setup", "HP67 Setup\HP67 Setup.vdproj", "{3CE76BA5-C118-4219-AF78-21B5763F7057}"
	ProjectSection(ProjectDependencies) = postProject
	EndProjectSection
EndProject
Project("{FAE04EC0-301F-11D3-BF4B-00C04F79EFBC}") = "HP67 Testing", "HP67 Testing\HP67 Testing.csproj", "{8BA89B45-8FB5-4281-A816-4C765105883A}"
	ProjectSection(ProjectDependencies) = postProject
	EndProjectSection
EndProject
Project("{FAE04EC0-301F-11D3-BF4B-00C04F79EFBC}") = "HP67 Documentation", "HP67 Documentation\HP67 Documentation.csproj", "{6CAD584F-29B7-4AFA-AB11-BDD30937BC50}"
	ProjectSection(ProjectDependencies) = postProject
	EndProjectSection
EndProject
Project("{FAE04EC0-301F-11D3-BF4B-00C04F79EFBC}") = "HP67 Parser", "HP67 Parser\HP67 Parser.csproj", "{D97548CE-C80A-4DAE-BA32-1E3FA7273153}"
	ProjectSection(ProjectDependencies) = postProject
	EndProjectSection
EndProject
Project("{FAE04EC0-301F-11D3-BF4B-00C04F79EFBC}") = "HP67 Persistence", "HP67 Persistence\HP67 Persistence.csproj", "{D40AF3D7-0F5F-4CBF-ACD2-815EAA164C52}"
	ProjectSection(ProjectDependencies) = postProject
	EndProjectSection
EndProject
Global
	GlobalSection(SourceCodeControl) = preSolution
		SccNumberOfProjects = 9
		SccLocalPath0 = .
		CanCheckoutShared = false
		SolutionUniqueID = {878E852C-8F25-4FB7-95ED-DC7CB08F89F4}
		SccProjectUniqueName1 = HP67\u0020Class\u0020Library\\HP67\u0020Class\u0020Library.csproj
		SccLocalPath1 = .
		CanCheckoutShared = false
		SccProjectFilePathRelativizedFromConnection1 = HP67\u0020Class\u0020Library\\
		SccProjectUniqueName2 = HP67\u0020Control\u0020Library\\HP67\u0020Control\u0020Library.csproj
		SccLocalPath2 = .
		CanCheckoutShared = false
		SccProjectFilePathRelativizedFromConnection2 = HP67\u0020Control\u0020Library\\
		SccProjectUniqueName3 = HP67\u0020Setup\\HP67\u0020Setup.vdproj
		SccLocalPath3 = .
		CanCheckoutShared = false
		SccProjectFilePathRelativizedFromConnection3 = HP67\u0020Setup\\
		SccProjectUniqueName4 = HP67\\HP67.csproj
		SccLocalPath4 = .
		CanCheckoutShared = false
		SccProjectFilePathRelativizedFromConnection4 = HP67\\
		SccProjectUniqueName5 = HP67\u0020Testing\\HP67\u0020Testing.csproj
		SccLocalPath5 = .
		CanCheckoutShared = false
		SccProjectFilePathRelativizedFromConnection5 = HP67\u0020Testing\\
		SccProjectUniqueName6 = HP67\u0020Documentation\\HP67\u0020Documentation.csproj
		SccLocalPath6 = .
		CanCheckoutShared = false
		SccProjectFilePathRelativizedFromConnection6 = HP67\u0020Documentation\\
		SccProjectUniqueName7 = HP67\u0020Parser\\HP67\u0020Parser.csproj
		SccLocalPath7 = .
		CanCheckoutShared = false
		SccProjectFilePathRelativizedFromConnection7 = HP67\u0020Parser\\
		SccProjectUniqueName8 = HP67\u0020Persistence\\HP67\u0020Persistence.csproj
		SccLocalPath8 = .
		CanCheckoutShared = false
		SccProjectFilePathRelativizedFromConnection8 = HP67\u0020Persistence\\
	EndGlobalSection
	GlobalSection(SolutionConfiguration) = preSolution
		Debug = Debug
		Release = Release
	EndGlobalSection
	GlobalSection(ProjectConfiguration) = postSolution
		{BBC69744-109D-439E-94ED-CE3EC892241C}.Debug.ActiveCfg = Debug|.NET
		{BBC69744-109D-439E-94ED-CE3EC892241C}.Debug.Build.0 = Debug|.NET
		{BBC69744-109D-439E-94ED-CE3EC892241C}.Release.ActiveCfg = Release|.NET
		{BBC69744-109D-439E-94ED-CE3EC892241C}.Release.Build.0 = Release|.NET
		{76E1A007-1E22-40BC-826D-834FE3673BD8}.Debug.ActiveCfg = Debug|.NET
		{76E1A007-1E22-40BC-826D-834FE3673BD8}.Debug.Build.0 = Debug|.NET
		{76E1A007-1E22-40BC-826D-834FE3673BD8}.Release.ActiveCfg = Release|.NET
		{76E1A007-1E22-40BC-826D-834FE3673BD8}.Release.Build.0 = Release|.NET
		{71A0054A-FD2B-4DDB-91FB-1470909F91E4}.Debug.ActiveCfg = Debug|.NET
		{71A0054A-FD2B-4DDB-91FB-1470909F91E4}.Debug.Build.0 = Debug|.NET
		{71A0054A-FD2B-4DDB-91FB-1470909F91E4}.Release.ActiveCfg = Release|.NET
		{71A0054A-FD2B-4DDB-91FB-1470909F91E4}.Release.Build.0 = Release|.NET
		{3CE76BA5-C118-4219-AF78-21B5763F7057}.Debug.ActiveCfg = Debug
		{3CE76BA5-C118-4219-AF78-21B5763F7057}.Release.ActiveCfg = Release
		{8BA89B45-8FB5-4281-A816-4C765105883A}.Debug.ActiveCfg = Debug|.NET
		{8BA89B45-8FB5-4281-A816-4C765105883A}.Debug.Build.0 = Debug|.NET
		{8BA89B45-8FB5-4281-A816-4C765105883A}.Release.ActiveCfg = Release|.NET
		{8BA89B45-8FB5-4281-A816-4C765105883A}.Release.Build.0 = Release|.NET
		{6CAD584F-29B7-4AFA-AB11-BDD30937BC50}.Debug.ActiveCfg = Debug|.NET
		{6CAD584F-29B7-4AFA-AB11-BDD30937BC50}.Release.ActiveCfg = Release|.NET
		{6CAD584F-29B7-4AFA-AB11-BDD30937BC50}.Release.Build.0 = Release|.NET
		{D97548CE-C80A-4DAE-BA32-1E3FA7273153}.Debug.ActiveCfg = Debug|.NET
		{D97548CE-C80A-4DAE-BA32-1E3FA7273153}.Debug.Build.0 = Debug|.NET
		{D97548CE-C80A-4DAE-BA32-1E3FA7273153}.Release.ActiveCfg = Release|.NET
		{D97548CE-C80A-4DAE-BA32-1E3FA7273153}.Release.Build.0 = Release|.NET
		{D40AF3D7-0F5F-4CBF-ACD2-815EAA164C52}.Debug.ActiveCfg = Debug|.NET
		{D40AF3D7-0F5F-4CBF-ACD2-815EAA164C52}.Debug.Build.0 = Debug|.NET
		{D40AF3D7-0F5F-4CBF-ACD2-815EAA164C52}.Release.ActiveCfg = Release|.NET
		{D40AF3D7-0F5F-4CBF-ACD2-815EAA164C52}.Release.Build.0 = Release|.NET
	EndGlobalSection
	GlobalSection(ExtensibilityGlobals) = postSolution
	EndGlobalSection
	GlobalSection(ExtensibilityAddIns) = postSolution
	EndGlobalSection
EndGlobal
