
Microsoft Visual Studio Solution File, Format Version 9.00
# Visual Studio 2005
Project("{5CB7ECA2-77EC-4168-97A3-21393157BA5A}") = "Functional Testing", "Functional Testing\Functional Testing.rftvs", "{06DE7D32-9FD7-4DB6-BBEB-51EF5161A2D7}"
EndProject
Global
	GlobalSection(SourceCodeControl) = preSolution
		SccNumberOfProjects = 2
		SccLocalPath0 = .
		SccProjectUniqueName1 = Functional\u0020Testing\\Functional\u0020Testing.rftvs
		SccLocalPath1 = .
		SccProjectFilePathRelativizedFromConnection1 = Functional\u0020Testing\\
	EndGlobalSection
	GlobalSection(SolutionConfigurationPlatforms) = preSolution
		Test|Configuration = Test|Configuration
	EndGlobalSection
	GlobalSection(ProjectConfigurationPlatforms) = postSolution
		{06DE7D32-9FD7-4DB6-BBEB-51EF5161A2D7}.Test|Configuration.ActiveCfg = Test|Configuration
		{06DE7D32-9FD7-4DB6-BBEB-51EF5161A2D7}.Test|Configuration.Build.0 = Test|Configuration
	EndGlobalSection
	GlobalSection(SolutionProperties) = preSolution
		HideSolutionNode = FALSE
	EndGlobalSection
EndGlobal
